Microsoft Visual Studio Solution File, Format Version 12.00
# Visual Studio Version 17
VisualStudioVersion = 17.5.2.0
MinimumVisualStudioVersion = 10.0.40219.1
Project("{FAE04EC0-301F-11D3-BF4B-00C04F79EFBC}") = "NexoVendas", "NexoVendas.csproj", "{04E985EF-B175-6612-21B1-DF375FC87CDF}"
EndProject
Global
	GlobalSection(SolutionConfigurationPlatforms) = preSolution
		Debug|Any CPU = Debug|Any CPU
		Release|Any CPU = Release|Any CPU
	EndGlobalSection
	GlobalSection(ProjectConfigurationPlatforms) = postSolution
		{04E985EF-B175-6612-21B1-DF375FC87CDF}.Debug|Any CPU.ActiveCfg = Debug|Any CPU
		{04E985EF-B175-6612-21B1-DF375FC87CDF}.Debug|Any CPU.Build.0 = Debug|Any CPU
		{04E985EF-B175-6612-21B1-DF375FC87CDF}.Release|Any CPU.ActiveCfg = Release|Any CPU
		{04E985EF-B175-6612-21B1-DF375FC87CDF}.Release|Any CPU.Build.0 = Release|Any CPU
	EndGlobalSection
	GlobalSection(SolutionProperties) = preSolution
		HideSolutionNode = FALSE
	EndGlobalSection
	GlobalSection(ExtensibilityGlobals) = postSolution
		SolutionGuid = {62126103-CEDF-46F2-A7E2-BAF8E48D65AF}
	EndGlobalSection
EndGlobal
